{
	"name": "@scrollapp/rawjs",
	"version": "1.0.10",
	"lockfileVersion": 2,
	"requires": true,
	"packages": {
		"": {
			"name": "@scrollapp/rawjs",
			"version": "1.0.10",
			"license": "MIT",
			"devDependencies": {
				"@scrollapp/rawjs": "^1.0.11"
			}
		},
		"node_modules/@scrollapp/rawjs": {
			"version": "1.0.11",
			"resolved": "https://registry.npmjs.org/@scrollapp/rawjs/-/rawjs-1.0.11.tgz",
			"integrity": "sha512-PZgP42i9FaphEVbk6zwsoYAgAep0xNZMkLm6Chae7kF7A5AeJH3JEdajGlccHxv7baJCK4dg2CKEvDvXnpnXzQ==",
			"dev": true
		}
	},
	"dependencies": {
		"@scrollapp/rawjs": {
			"version": "1.0.11",
			"resolved": "https://registry.npmjs.org/@scrollapp/rawjs/-/rawjs-1.0.11.tgz",
			"integrity": "sha512-PZgP42i9FaphEVbk6zwsoYAgAep0xNZMkLm6Chae7kF7A5AeJH3JEdajGlccHxv7baJCK4dg2CKEvDvXnpnXzQ==",
			"dev": true
		}
	}
}
